
Microsoft Visual Studio Solution File, Format Version 12.00
# Visual Studio 14
VisualStudioVersion = 14.0.25420.1
MinimumVisualStudioVersion = 10.0.40219.1
Project("{FAE04EC0-301F-11D3-BF4B-00C04F79EFBC}") = "WcfService3", "WcfService3\WcfService3.csproj", "{1439CA15-EC4A-4697-9A26-41973E8983BF}"
EndProject
Project("{FAE04EC0-301F-11D3-BF4B-00C04F79EFBC}") = "Client", "Client\Client.csproj", "{870585AE-E08A-4774-B1BF-65EB6219D4BB}"
	ProjectSection(ProjectDependencies) = postProject
		{1439CA15-EC4A-4697-9A26-41973E8983BF} = {1439CA15-EC4A-4697-9A26-41973E8983BF}
	EndProjectSection
EndProject
Project("{FAE04EC0-301F-11D3-BF4B-00C04F79EFBC}") = "WebIHM", "WebIHM\WebIHM.csproj", "{D4B1C1B6-A62D-414B-A2F0-8F052F51C9E9}"
EndProject
Global
	GlobalSection(SolutionConfigurationPlatforms) = preSolution
		Debug|Any CPU = Debug|Any CPU
		Release|Any CPU = Release|Any CPU
	EndGlobalSection
	GlobalSection(ProjectConfigurationPlatforms) = postSolution
		{1439CA15-EC4A-4697-9A26-41973E8983BF}.Debug|Any CPU.ActiveCfg = Debug|Any CPU
		{1439CA15-EC4A-4697-9A26-41973E8983BF}.Debug|Any CPU.Build.0 = Debug|Any CPU
		{1439CA15-EC4A-4697-9A26-41973E8983BF}.Release|Any CPU.ActiveCfg = Release|Any CPU
		{1439CA15-EC4A-4697-9A26-41973E8983BF}.Release|Any CPU.Build.0 = Release|Any CPU
		{870585AE-E08A-4774-B1BF-65EB6219D4BB}.Debug|Any CPU.ActiveCfg = Debug|Any CPU
		{870585AE-E08A-4774-B1BF-65EB6219D4BB}.Debug|Any CPU.Build.0 = Debug|Any CPU
		{870585AE-E08A-4774-B1BF-65EB6219D4BB}.Release|Any CPU.ActiveCfg = Release|Any CPU
		{870585AE-E08A-4774-B1BF-65EB6219D4BB}.Release|Any CPU.Build.0 = Release|Any CPU
		{D4B1C1B6-A62D-414B-A2F0-8F052F51C9E9}.Debug|Any CPU.ActiveCfg = Debug|Any CPU
		{D4B1C1B6-A62D-414B-A2F0-8F052F51C9E9}.Debug|Any CPU.Build.0 = Debug|Any CPU
		{D4B1C1B6-A62D-414B-A2F0-8F052F51C9E9}.Release|Any CPU.ActiveCfg = Release|Any CPU
		{D4B1C1B6-A62D-414B-A2F0-8F052F51C9E9}.Release|Any CPU.Build.0 = Release|Any CPU
	EndGlobalSection
	GlobalSection(SolutionProperties) = preSolution
		HideSolutionNode = FALSE
	EndGlobalSection
EndGlobal
